# THIS IS AN AUTOGENERATED FILE. DO NOT EDIT THIS FILE DIRECTLY.
# yarn lockfile v1


"@babel/runtime@^7.1.2":
  version "7.13.8"
  resolved "https://registry.npmjs.org/@babel/runtime/-/runtime-7.13.8.tgz"
  dependencies:
    regenerator-runtime "^0.13.4"

"@blueprintjs/core@^3.36.0", "@blueprintjs/core@^3.39.0":
  version "3.39.0"
  resolved "https://registry.npmjs.org/@blueprintjs/core/-/core-3.39.0.tgz"
  dependencies:
    "@blueprintjs/icons" "^3.24.0"
    "@types/dom4" "^2.0.1"
    classnames "^2.2"
    dom4 "^2.1.5"
    normalize.css "^8.0.1"
    popper.js "^1.16.1"
    react-lifecycles-compat "^3.0.4"
    react-popper "^1.3.7"
    react-transition-group "^2.9.0"
    resize-observer-polyfill "^1.5.1"
    tslib "~1.13.0"

"@blueprintjs/icons@^3.24.0":
  version "3.24.0"
  resolved "https://registry.npmjs.org/@blueprintjs/icons/-/icons-3.24.0.tgz"
  dependencies:
    classnames "^2.2"
    tslib "~1.13.0"

"@blueprintjs/select@^3.15.0":
  version "3.15.5"
  resolved "https://registry.npmjs.org/@blueprintjs/select/-/select-3.15.5.tgz"
  dependencies:
    "@blueprintjs/core" "^3.39.0"
    classnames "^2.2"
    tslib "~1.13.0"

"@fortawesome/fontawesome-free@^5.12.0":
  version "5.15.2"
  resolved "https://registry.npmjs.org/@fortawesome/fontawesome-free/-/fontawesome-free-5.15.2.tgz"

"@hypnosphi/create-react-context@^0.3.1":
  version "0.3.1"
  resolved "https://registry.npmjs.org/@hypnosphi/create-react-context/-/create-react-context-0.3.1.tgz"
  dependencies:
    gud "^1.0.0"
    warning "^4.0.3"

"@jupyterlab/application@^3.1.6", "@jupyterlab/application@^3.2.9":
  version "3.2.9"
  resolved "https://registry.yarnpkg.com/@jupyterlab/application/-/application-3.2.9.tgz#750bf46fd72bf86db58d09bbc17621d2a9e6db34"
  dependencies:
    "@fortawesome/fontawesome-free" "^5.12.0"
    "@jupyterlab/apputils" "^3.2.9"
    "@jupyterlab/coreutils" "^5.2.9"
    "@jupyterlab/docregistry" "^3.2.9"
    "@jupyterlab/rendermime" "^3.2.9"
    "@jupyterlab/rendermime-interfaces" "^3.2.9"
    "@jupyterlab/services" "^6.2.9"
    "@jupyterlab/statedb" "^3.2.9"
    "@jupyterlab/translation" "^3.2.9"
    "@jupyterlab/ui-components" "^3.2.9"
    "@lumino/algorithm" "^1.3.3"
    "@lumino/application" "^1.16.0"
    "@lumino/commands" "^1.12.0"
    "@lumino/coreutils" "^1.5.3"
    "@lumino/disposable" "^1.4.3"
    "@lumino/messaging" "^1.4.3"
    "@lumino/polling" "^1.3.3"
    "@lumino/properties" "^1.2.3"
    "@lumino/signaling" "^1.4.3"
    "@lumino/widgets" "^1.19.0"

"@jupyterlab/apputils@^3.1.6", "@jupyterlab/apputils@^3.2.9":
  version "3.2.9"
  resolved "https://registry.yarnpkg.com/@jupyterlab/apputils/-/apputils-3.2.9.tgz#0f4d2435423083feeda6d9c639db9c800b7124a2"
  dependencies:
    "@jupyterlab/coreutils" "^5.2.9"
    "@jupyterlab/services" "^6.2.9"
    "@jupyterlab/settingregistry" "^3.2.9"
    "@jupyterlab/statedb" "^3.2.9"
    "@jupyterlab/translation" "^3.2.9"
    "@jupyterlab/ui-components" "^3.2.9"
    "@lumino/algorithm" "^1.3.3"
    "@lumino/commands" "^1.12.0"
    "@lumino/coreutils" "^1.5.3"
    "@lumino/disposable" "^1.4.3"
    "@lumino/domutils" "^1.2.3"
    "@lumino/messaging" "^1.4.3"
    "@lumino/polling" "^1.3.3"
    "@lumino/properties" "^1.2.3"
    "@lumino/signaling" "^1.4.3"
    "@lumino/virtualdom" "^1.8.0"
    "@lumino/widgets" "^1.19.0"
    "@types/react" "^17.0.0"
    react "^17.0.1"
    react-dom "^17.0.1"
    sanitize-html "~2.5.3"
    url "^0.11.0"

"@jupyterlab/codeeditor@^3.2.9":
  version "3.2.9"
  resolved "https://registry.yarnpkg.com/@jupyterlab/codeeditor/-/codeeditor-3.2.9.tgz#e6eebe29612ef0ad4d1d3ded944967046feaee65"
  dependencies:
    "@jupyterlab/coreutils" "^5.2.9"
    "@jupyterlab/nbformat" "^3.2.9"
    "@jupyterlab/observables" "^4.2.9"
    "@jupyterlab/shared-models" "^3.2.9"
    "@jupyterlab/translation" "^3.2.9"
    "@jupyterlab/ui-components" "^3.2.9"
    "@lumino/coreutils" "^1.5.3"
    "@lumino/disposable" "^1.4.3"
    "@lumino/dragdrop" "^1.7.1"
    "@lumino/messaging" "^1.4.3"
    "@lumino/signaling" "^1.4.3"
    "@lumino/widgets" "^1.19.0"

"@jupyterlab/codemirror@^3.2.9":
  version "3.2.9"
  resolved "https://registry.yarnpkg.com/@jupyterlab/codemirror/-/codemirror-3.2.9.tgz#0464c2817036a08fdc51e418da3a7a5dadbb5290"
  dependencies:
    "@jupyterlab/apputils" "^3.2.9"
    "@jupyterlab/codeeditor" "^3.2.9"
    "@jupyterlab/coreutils" "^5.2.9"
    "@jupyterlab/nbformat" "^3.2.9"
    "@jupyterlab/observables" "^4.2.9"
    "@jupyterlab/shared-models" "^3.2.9"
    "@jupyterlab/statusbar" "^3.2.9"
    "@jupyterlab/translation" "^3.2.9"
    "@lumino/algorithm" "^1.3.3"
    "@lumino/commands" "^1.12.0"
    "@lumino/coreutils" "^1.5.3"
    "@lumino/disposable" "^1.4.3"
    "@lumino/polling" "^1.3.3"
    "@lumino/signaling" "^1.4.3"
    "@lumino/widgets" "^1.19.0"
    codemirror "~5.61.0"
    react "^17.0.1"
    y-codemirror "^3.0.1"

"@jupyterlab/coreutils@^5.2.9":
  version "5.2.9"
  resolved "https://registry.yarnpkg.com/@jupyterlab/coreutils/-/coreutils-5.2.9.tgz#0ad836fafd6eb374a6027ffbbc12c4c2ff3a04b1"
  dependencies:
    "@lumino/coreutils" "^1.5.3"
    "@lumino/disposable" "^1.4.3"
    "@lumino/signaling" "^1.4.3"
    minimist "~1.2.0"
    moment "^2.24.0"
    path-browserify "^1.0.0"
    url-parse "~1.5.1"

"@jupyterlab/docprovider@^3.2.9":
  version "3.2.9"
  resolved "https://registry.yarnpkg.com/@jupyterlab/docprovider/-/docprovider-3.2.9.tgz#713ae09984f5fd658c1522878f488ce82680b696"
  dependencies:
    "@jupyterlab/shared-models" "^3.2.9"
    "@lumino/coreutils" "^1.5.3"
    lib0 "^0.2.42"
    y-websocket "^1.3.15"
    yjs "^13.5.17"

"@jupyterlab/docregistry@^3.2.9":
  version "3.2.9"
  resolved "https://registry.yarnpkg.com/@jupyterlab/docregistry/-/docregistry-3.2.9.tgz#680efba62d6208ab6bb9e0cbb3e61ed76e139353"
  dependencies:
    "@jupyterlab/apputils" "^3.2.9"
    "@jupyterlab/codeeditor" "^3.2.9"
    "@jupyterlab/codemirror" "^3.2.9"
    "@jupyterlab/coreutils" "^5.2.9"
    "@jupyterlab/docprovider" "^3.2.9"
    "@jupyterlab/observables" "^4.2.9"
    "@jupyterlab/rendermime" "^3.2.9"
    "@jupyterlab/rendermime-interfaces" "^3.2.9"
    "@jupyterlab/services" "^6.2.9"
    "@jupyterlab/shared-models" "^3.2.9"
    "@jupyterlab/translation" "^3.2.9"
    "@jupyterlab/ui-components" "^3.2.9"
    "@lumino/algorithm" "^1.3.3"
    "@lumino/coreutils" "^1.5.3"
    "@lumino/disposable" "^1.4.3"
    "@lumino/messaging" "^1.4.3"
    "@lumino/signaling" "^1.4.3"
    "@lumino/widgets" "^1.19.0"
    yjs "^13.5.17"

"@jupyterlab/nbformat@^3.2.9":
  version "3.2.9"
  resolved "https://registry.yarnpkg.com/@jupyterlab/nbformat/-/nbformat-3.2.9.tgz#e7d854719612133498af4280d9a8caa0873205b0"
  dependencies:
    "@lumino/coreutils" "^1.5.3"

"@jupyterlab/observables@^4.2.9":
  version "4.2.9"
  resolved "https://registry.yarnpkg.com/@jupyterlab/observables/-/observables-4.2.9.tgz#d83c4ad11d876bf87609aea0b0f8973aea2b6714"
  dependencies:
    "@lumino/algorithm" "^1.3.3"
    "@lumino/coreutils" "^1.5.3"
    "@lumino/disposable" "^1.4.3"
    "@lumino/messaging" "^1.4.3"
    "@lumino/signaling" "^1.4.3"

"@jupyterlab/rendermime-interfaces@^3.2.9":
  version "3.2.9"
  resolved "https://registry.yarnpkg.com/@jupyterlab/rendermime-interfaces/-/rendermime-interfaces-3.2.9.tgz#9e6b199752162629ff74b47387740b232639bada"
  dependencies:
    "@jupyterlab/translation" "^3.2.9"
    "@lumino/coreutils" "^1.5.3"
    "@lumino/widgets" "^1.19.0"

"@jupyterlab/rendermime@^3.2.9":
  version "3.2.9"
  resolved "https://registry.yarnpkg.com/@jupyterlab/rendermime/-/rendermime-3.2.9.tgz#4a2a77590b782e966ffad342ff6cc87b083af4de"
  dependencies:
    "@jupyterlab/apputils" "^3.2.9"
    "@jupyterlab/codemirror" "^3.2.9"
    "@jupyterlab/coreutils" "^5.2.9"
    "@jupyterlab/nbformat" "^3.2.9"
    "@jupyterlab/observables" "^4.2.9"
    "@jupyterlab/rendermime-interfaces" "^3.2.9"
    "@jupyterlab/services" "^6.2.9"
    "@jupyterlab/translation" "^3.2.9"
    "@lumino/algorithm" "^1.3.3"
    "@lumino/coreutils" "^1.5.3"
    "@lumino/messaging" "^1.4.3"
    "@lumino/signaling" "^1.4.3"
    "@lumino/widgets" "^1.19.0"
    lodash.escape "^4.0.1"
    marked "^2.0.0"

"@jupyterlab/services@^6.2.9":
  version "6.2.9"
  resolved "https://registry.yarnpkg.com/@jupyterlab/services/-/services-6.2.9.tgz#fb6b2a1c365fb2de05a7f995fc6092a8e32e2629"
  dependencies:
    "@jupyterlab/coreutils" "^5.2.9"
    "@jupyterlab/nbformat" "^3.2.9"
    "@jupyterlab/observables" "^4.2.9"
    "@jupyterlab/settingregistry" "^3.2.9"
    "@jupyterlab/statedb" "^3.2.9"
    "@lumino/algorithm" "^1.3.3"
    "@lumino/coreutils" "^1.5.3"
    "@lumino/disposable" "^1.4.3"
    "@lumino/polling" "^1.3.3"
    "@lumino/signaling" "^1.4.3"
    node-fetch "^2.6.0"
    ws "^7.4.6"

"@jupyterlab/settingregistry@^3.2.9":
  version "3.2.9"
  resolved "https://registry.yarnpkg.com/@jupyterlab/settingregistry/-/settingregistry-3.2.9.tgz#374863461d37fea3b5b4ec2fab1b95baa828477d"
  dependencies:
    "@jupyterlab/statedb" "^3.2.9"
    "@lumino/commands" "^1.12.0"
    "@lumino/coreutils" "^1.5.3"
    "@lumino/disposable" "^1.4.3"
    "@lumino/signaling" "^1.4.3"
    ajv "^6.12.3"
    json5 "^2.1.1"

"@jupyterlab/shared-models@^3.2.9":
  version "3.2.9"
  resolved "https://registry.yarnpkg.com/@jupyterlab/shared-models/-/shared-models-3.2.9.tgz#ed5f6400d9a95fc9ee033f5009a7674495ea704d"
  dependencies:
    "@jupyterlab/nbformat" "^3.2.9"
    "@lumino/coreutils" "^1.5.3"
    "@lumino/disposable" "^1.4.3"
    "@lumino/signaling" "^1.4.3"
    y-protocols "^1.0.5"
    yjs "^13.5.17"

"@jupyterlab/statedb@^3.2.9":
  version "3.2.9"
  resolved "https://registry.yarnpkg.com/@jupyterlab/statedb/-/statedb-3.2.9.tgz#f637d30471e5fcdf75af9e1f35a99ccd88192a62"
  dependencies:
    "@lumino/commands" "^1.12.0"
    "@lumino/coreutils" "^1.5.3"
    "@lumino/disposable" "^1.4.3"
    "@lumino/properties" "^1.2.3"
    "@lumino/signaling" "^1.4.3"

"@jupyterlab/statusbar@^3.2.9":
  version "3.2.9"
  resolved "https://registry.yarnpkg.com/@jupyterlab/statusbar/-/statusbar-3.2.9.tgz#5b4154edf8fd417638a948cd7899f4be7e7e7508"
  dependencies:
    "@jupyterlab/apputils" "^3.2.9"
    "@jupyterlab/codeeditor" "^3.2.9"
    "@jupyterlab/services" "^6.2.9"
    "@jupyterlab/translation" "^3.2.9"
    "@jupyterlab/ui-components" "^3.2.9"
    "@lumino/algorithm" "^1.3.3"
    "@lumino/coreutils" "^1.5.3"
    "@lumino/disposable" "^1.4.3"
    "@lumino/messaging" "^1.4.3"
    "@lumino/signaling" "^1.4.3"
    "@lumino/widgets" "^1.19.0"
    csstype "~3.0.3"
    react "^17.0.1"
    typestyle "^2.0.4"

"@jupyterlab/theme-light-extension@^3.1.6":
  version "3.2.9"
  resolved "https://registry.yarnpkg.com/@jupyterlab/theme-light-extension/-/theme-light-extension-3.2.9.tgz#8e44a54f763b563dd3e03da8d3b28e4b21587147"
  dependencies:
    "@jupyterlab/application" "^3.2.9"
    "@jupyterlab/apputils" "^3.2.9"
    "@jupyterlab/translation" "^3.2.9"

"@jupyterlab/translation@^3.1.6", "@jupyterlab/translation@^3.2.9":
  version "3.2.9"
  resolved "https://registry.yarnpkg.com/@jupyterlab/translation/-/translation-3.2.9.tgz#3e7532a4072bbc27e0f01e6601263de8f7cea9db"
  dependencies:
    "@jupyterlab/coreutils" "^5.2.9"
    "@jupyterlab/services" "^6.2.9"
    "@jupyterlab/statedb" "^3.2.9"
    "@lumino/coreutils" "^1.5.3"

"@jupyterlab/ui-components@^3.2.9":
  version "3.2.9"
  resolved "https://registry.yarnpkg.com/@jupyterlab/ui-components/-/ui-components-3.2.9.tgz#87450b87d1ea6c0e9092f759fd3b43b5f29abc9d"
  dependencies:
    "@blueprintjs/core" "^3.36.0"
    "@blueprintjs/select" "^3.15.0"
    "@jupyterlab/coreutils" "^5.2.9"
    "@lumino/algorithm" "^1.3.3"
    "@lumino/commands" "^1.12.0"
    "@lumino/coreutils" "^1.5.3"
    "@lumino/disposable" "^1.4.3"
    "@lumino/signaling" "^1.4.3"
    "@lumino/virtualdom" "^1.8.0"
    "@lumino/widgets" "^1.19.0"
    react "^17.0.1"
    react-dom "^17.0.1"
    typestyle "^2.0.4"

"@lumino/algorithm@^1.3.3":
  version "1.3.3"
  resolved "https://registry.npmjs.org/@lumino/algorithm/-/algorithm-1.3.3.tgz"

"@lumino/algorithm@^1.9.1":
  version "1.9.1"
  resolved "https://registry.yarnpkg.com/@lumino/algorithm/-/algorithm-1.9.1.tgz#a870598e031f5ee85e20e77ce7bfffbb0dffd7f5"

"@lumino/application@^1.16.0":
  version "1.28.1"
  resolved "https://registry.yarnpkg.com/@lumino/application/-/application-1.28.1.tgz#dfefe82ad414f51659e5931e3d07989364d7625e"
  dependencies:
    "@lumino/commands" "^1.20.0"
    "@lumino/coreutils" "^1.12.0"
    "@lumino/widgets" "^1.31.1"

"@lumino/collections@^1.3.3":
  version "1.3.3"
  resolved "https://registry.npmjs.org/@lumino/collections/-/collections-1.3.3.tgz"
  dependencies:
    "@lumino/algorithm" "^1.3.3"

"@lumino/collections@^1.9.1":
  version "1.9.1"
  resolved "https://registry.yarnpkg.com/@lumino/collections/-/collections-1.9.1.tgz#268f1ec6850d5e131cfc8db232c7e1e106144aa0"
  dependencies:
    "@lumino/algorithm" "^1.9.1"

"@lumino/commands@^1.12.0":
  version "1.12.0"
  resolved "https://registry.npmjs.org/@lumino/commands/-/commands-1.12.0.tgz"
  dependencies:
    "@lumino/algorithm" "^1.3.3"
    "@lumino/coreutils" "^1.5.3"
    "@lumino/disposable" "^1.4.3"
    "@lumino/domutils" "^1.2.3"
    "@lumino/keyboard" "^1.2.3"
    "@lumino/signaling" "^1.4.3"
    "@lumino/virtualdom" "^1.8.0"

"@lumino/commands@^1.20.0":
  version "1.20.0"
  resolved "https://registry.yarnpkg.com/@lumino/commands/-/commands-1.20.0.tgz#44c797134bb33946141a490c506420bd5f12ce0f"
  dependencies:
    "@lumino/algorithm" "^1.9.1"
    "@lumino/coreutils" "^1.12.0"
    "@lumino/disposable" "^1.10.1"
    "@lumino/domutils" "^1.8.1"
    "@lumino/keyboard" "^1.8.1"
    "@lumino/signaling" "^1.10.1"
    "@lumino/virtualdom" "^1.14.1"

"@lumino/coreutils@^1.12.0":
  version "1.12.0"
  resolved "https://registry.yarnpkg.com/@lumino/coreutils/-/coreutils-1.12.0.tgz#fbdef760f736eaf2bd396a5c6fc3a68a4b449b15"

"@lumino/coreutils@^1.5.3":
  version "1.5.3"
  resolved "https://registry.npmjs.org/@lumino/coreutils/-/coreutils-1.5.3.tgz"

"@lumino/disposable@^1.10.1":
  version "1.10.1"
  resolved "https://registry.yarnpkg.com/@lumino/disposable/-/disposable-1.10.1.tgz#58fddc619cf89335802d168564b76ff5315d5a84"
  dependencies:
    "@lumino/algorithm" "^1.9.1"
    "@lumino/signaling" "^1.10.1"

"@lumino/disposable@^1.4.3":
  version "1.4.3"
  resolved "https://registry.npmjs.org/@lumino/disposable/-/disposable-1.4.3.tgz"
  dependencies:
    "@lumino/algorithm" "^1.3.3"
    "@lumino/signaling" "^1.4.3"

"@lumino/domutils@^1.2.3":
  version "1.2.3"
  resolved "https://registry.npmjs.org/@lumino/domutils/-/domutils-1.2.3.tgz"

"@lumino/domutils@^1.8.1":
  version "1.8.1"
  resolved "https://registry.yarnpkg.com/@lumino/domutils/-/domutils-1.8.1.tgz#cf118e4eba90c3bf1e3edf7f19cce8846ec7875c"

"@lumino/dragdrop@^1.14.0":
  version "1.14.0"
  resolved "https://registry.yarnpkg.com/@lumino/dragdrop/-/dragdrop-1.14.0.tgz#48baacc190518d0cb563698daa0d5b976d6fe5c3"
  dependencies:
    "@lumino/coreutils" "^1.12.0"
    "@lumino/disposable" "^1.10.1"

"@lumino/dragdrop@^1.7.1":
  version "1.7.1"
  resolved "https://registry.npmjs.org/@lumino/dragdrop/-/dragdrop-1.7.1.tgz"
  dependencies:
    "@lumino/coreutils" "^1.5.3"
    "@lumino/disposable" "^1.4.3"

"@lumino/keyboard@^1.2.3":
  version "1.2.3"
  resolved "https://registry.npmjs.org/@lumino/keyboard/-/keyboard-1.2.3.tgz"

"@lumino/keyboard@^1.8.1":
  version "1.8.1"
  resolved "https://registry.yarnpkg.com/@lumino/keyboard/-/keyboard-1.8.1.tgz#e7850e2fb973fbb4c6e737ca8d9307f2dc3eb74b"

"@lumino/messaging@^1.10.1":
  version "1.10.1"
  resolved "https://registry.yarnpkg.com/@lumino/messaging/-/messaging-1.10.1.tgz#b29575cca46e2f23b84626b793ec8e2be46a53ba"
  dependencies:
    "@lumino/algorithm" "^1.9.1"
    "@lumino/collections" "^1.9.1"

"@lumino/messaging@^1.4.3":
  version "1.4.3"
  resolved "https://registry.npmjs.org/@lumino/messaging/-/messaging-1.4.3.tgz"
  dependencies:
    "@lumino/algorithm" "^1.3.3"
    "@lumino/collections" "^1.3.3"

"@lumino/polling@^1.3.3":
  version "1.3.3"
  resolved "https://registry.npmjs.org/@lumino/polling/-/polling-1.3.3.tgz"
  dependencies:
    "@lumino/coreutils" "^1.5.3"
    "@lumino/disposable" "^1.4.3"
    "@lumino/signaling" "^1.4.3"

"@lumino/properties@^1.2.3":
  version "1.2.3"
  resolved "https://registry.npmjs.org/@lumino/properties/-/properties-1.2.3.tgz"

"@lumino/properties@^1.8.1":
  version "1.8.1"
  resolved "https://registry.yarnpkg.com/@lumino/properties/-/properties-1.8.1.tgz#47eb8516e92c987dcb2c404db83a258159efec3d"

"@lumino/signaling@^1.10.1":
  version "1.10.1"
  resolved "https://registry.yarnpkg.com/@lumino/signaling/-/signaling-1.10.1.tgz#c8a1cb5b661b6744ea817c99c758fdc897847c26"
  dependencies:
    "@lumino/algorithm" "^1.9.1"

"@lumino/signaling@^1.4.3":
  version "1.4.3"
  resolved "https://registry.npmjs.org/@lumino/signaling/-/signaling-1.4.3.tgz"
  dependencies:
    "@lumino/algorithm" "^1.3.3"

"@lumino/virtualdom@^1.14.1":
  version "1.14.1"
  resolved "https://registry.yarnpkg.com/@lumino/virtualdom/-/virtualdom-1.14.1.tgz#2551b146cbe87c48d23754f370c1331a60c9fe62"
  dependencies:
    "@lumino/algorithm" "^1.9.1"

"@lumino/virtualdom@^1.8.0":
  version "1.8.0"
  resolved "https://registry.npmjs.org/@lumino/virtualdom/-/virtualdom-1.8.0.tgz"
  dependencies:
    "@lumino/algorithm" "^1.3.3"

"@lumino/widgets@^1.19.0", "@lumino/widgets@^1.31.1":
  version "1.31.1"
  resolved "https://registry.yarnpkg.com/@lumino/widgets/-/widgets-1.31.1.tgz#c9c0b8c7940b412e55369fa277392bf86c6e4136"
  dependencies:
    "@lumino/algorithm" "^1.9.1"
    "@lumino/commands" "^1.20.0"
    "@lumino/coreutils" "^1.12.0"
    "@lumino/disposable" "^1.10.1"
    "@lumino/domutils" "^1.8.1"
    "@lumino/dragdrop" "^1.14.0"
    "@lumino/keyboard" "^1.8.1"
    "@lumino/messaging" "^1.10.1"
    "@lumino/properties" "^1.8.1"
    "@lumino/signaling" "^1.10.1"
    "@lumino/virtualdom" "^1.14.1"

"@types/dom4@^2.0.1":
  version "2.0.1"
  resolved "https://registry.npmjs.org/@types/dom4/-/dom4-2.0.1.tgz"

"@types/prop-types@*":
  version "15.7.3"
  resolved "https://registry.npmjs.org/@types/prop-types/-/prop-types-15.7.3.tgz"

"@types/react@^17.0.0":
  version "17.0.2"
  resolved "https://registry.npmjs.org/@types/react/-/react-17.0.2.tgz"
  dependencies:
    "@types/prop-types" "*"
    csstype "^3.0.2"

abstract-leveldown@^6.2.1:
  version "6.3.0"
  resolved "https://registry.yarnpkg.com/abstract-leveldown/-/abstract-leveldown-6.3.0.tgz#d25221d1e6612f820c35963ba4bd739928f6026a"
  dependencies:
    buffer "^5.5.0"
    immediate "^3.2.3"
    level-concat-iterator "~2.0.0"
    level-supports "~1.0.0"
    xtend "~4.0.0"

abstract-leveldown@~6.2.1, abstract-leveldown@~6.2.3:
  version "6.2.3"
  resolved "https://registry.yarnpkg.com/abstract-leveldown/-/abstract-leveldown-6.2.3.tgz#036543d87e3710f2528e47040bc3261b77a9a8eb"
  dependencies:
    buffer "^5.5.0"
    immediate "^3.2.3"
    level-concat-iterator "~2.0.0"
    level-supports "~1.0.0"
    xtend "~4.0.0"

ajv@^6.12.3:
  version "6.12.6"
  resolved "https://registry.npmjs.org/ajv/-/ajv-6.12.6.tgz"
  dependencies:
    fast-deep-equal "^3.1.1"
    fast-json-stable-stringify "^2.0.0"
    json-schema-traverse "^0.4.1"
    uri-js "^4.2.2"

async-limiter@~1.0.0:
  version "1.0.1"
  resolved "https://registry.yarnpkg.com/async-limiter/-/async-limiter-1.0.1.tgz#dd379e94f0db8310b08291f9d64c3209766617fd"

balanced-match@^1.0.0:
  version "1.0.0"
  resolved "https://registry.npmjs.org/balanced-match/-/balanced-match-1.0.0.tgz"

base64-js@^1.3.1:
  version "1.5.1"
  resolved "https://registry.npmjs.org/base64-js/-/base64-js-1.5.1.tgz"

brace-expansion@^1.1.7:
  version "1.1.11"
  resolved "https://registry.npmjs.org/brace-expansion/-/brace-expansion-1.1.11.tgz"
  dependencies:
    balanced-match "^1.0.0"
    concat-map "0.0.1"

buffer@^5.5.0, buffer@^5.6.0:
  version "5.7.1"
  resolved "https://registry.yarnpkg.com/buffer/-/buffer-5.7.1.tgz#ba62e7c13133053582197160851a8f648e99eed0"
  dependencies:
    base64-js "^1.3.1"
    ieee754 "^1.1.13"

classnames@^2.2:
  version "2.2.6"
  resolved "https://registry.npmjs.org/classnames/-/classnames-2.2.6.tgz"

codemirror@~5.61.0:
  version "5.61.1"
  resolved "https://registry.yarnpkg.com/codemirror/-/codemirror-5.61.1.tgz#ccfc8a43b8fcfb8b12e8e75b5ffde48d541406e0"

concat-map@0.0.1:
  version "0.0.1"
  resolved "https://registry.npmjs.org/concat-map/-/concat-map-0.0.1.tgz"

csstype@2.6.9:
  version "2.6.9"
  resolved "https://registry.npmjs.org/csstype/-/csstype-2.6.9.tgz"

csstype@^3.0.2, csstype@~3.0.3:
  version "3.0.7"
  resolved "https://registry.npmjs.org/csstype/-/csstype-3.0.7.tgz"

deepmerge@^4.2.2:
  version "4.2.2"
  resolved "https://registry.yarnpkg.com/deepmerge/-/deepmerge-4.2.2.tgz#44d2ea3679b8f4d4ffba33f03d865fc1e7bf4955"

deferred-leveldown@~5.3.0:
  version "5.3.0"
  resolved "https://registry.yarnpkg.com/deferred-leveldown/-/deferred-leveldown-5.3.0.tgz#27a997ad95408b61161aa69bd489b86c71b78058"
  dependencies:
    abstract-leveldown "~6.2.1"
    inherits "^2.0.3"

dom-helpers@^3.4.0:
  version "3.4.0"
  resolved "https://registry.npmjs.org/dom-helpers/-/dom-helpers-3.4.0.tgz"
  dependencies:
    "@babel/runtime" "^7.1.2"

dom-serializer@^1.0.1:
  version "1.2.0"
  resolved "https://registry.npmjs.org/dom-serializer/-/dom-serializer-1.2.0.tgz"
  dependencies:
    domelementtype "^2.0.1"
    domhandler "^4.0.0"
    entities "^2.0.0"

dom4@^2.1.5:
  version "2.1.6"
  resolved "https://registry.npmjs.org/dom4/-/dom4-2.1.6.tgz"

domelementtype@^2.0.1, domelementtype@^2.1.0:
  version "2.1.0"
  resolved "https://registry.npmjs.org/domelementtype/-/domelementtype-2.1.0.tgz"

domelementtype@^2.2.0:
  version "2.2.0"
  resolved "https://registry.yarnpkg.com/domelementtype/-/domelementtype-2.2.0.tgz#9a0b6c2782ed6a1c7323d42267183df9bd8b1d57"

domhandler@^4.0.0:
  version "4.0.0"
  resolved "https://registry.npmjs.org/domhandler/-/domhandler-4.0.0.tgz"
  dependencies:
    domelementtype "^2.1.0"

domhandler@^4.2.0:
  version "4.3.0"
  resolved "https://registry.yarnpkg.com/domhandler/-/domhandler-4.3.0.tgz#16c658c626cf966967e306f966b431f77d4a5626"
  dependencies:
    domelementtype "^2.2.0"

domutils@^2.5.2:
  version "2.8.0"
  resolved "https://registry.yarnpkg.com/domutils/-/domutils-2.8.0.tgz#4437def5db6e2d1f5d6ee859bd95ca7d02048135"
  dependencies:
    dom-serializer "^1.0.1"
    domelementtype "^2.2.0"
    domhandler "^4.2.0"

encoding-down@^6.3.0:
  version "6.3.0"
  resolved "https://registry.yarnpkg.com/encoding-down/-/encoding-down-6.3.0.tgz#b1c4eb0e1728c146ecaef8e32963c549e76d082b"
  dependencies:
    abstract-leveldown "^6.2.1"
    inherits "^2.0.3"
    level-codec "^9.0.0"
    level-errors "^2.0.0"

entities@^2.0.0:
  version "2.2.0"
  resolved "https://registry.npmjs.org/entities/-/entities-2.2.0.tgz"

errno@~0.1.1:
  version "0.1.8"
  resolved "https://registry.yarnpkg.com/errno/-/errno-0.1.8.tgz#8bb3e9c7d463be4976ff888f76b4809ebc2e811f"
  dependencies:
    prr "~1.0.1"

escape-string-regexp@^4.0.0:
  version "4.0.0"
  resolved "https://registry.yarnpkg.com/escape-string-regexp/-/escape-string-regexp-4.0.0.tgz#14ba83a5d373e3d311e5afca29cf5bfad965bf34"

fast-deep-equal@^3.1.1:
  version "3.1.3"
  resolved "https://registry.npmjs.org/fast-deep-equal/-/fast-deep-equal-3.1.3.tgz"

fast-json-stable-stringify@^2.0.0:
  version "2.1.0"
  resolved "https://registry.npmjs.org/fast-json-stable-stringify/-/fast-json-stable-stringify-2.1.0.tgz"

free-style@3.1.0:
  version "3.1.0"
  resolved "https://registry.npmjs.org/free-style/-/free-style-3.1.0.tgz"

fs.realpath@^1.0.0:
  version "1.0.0"
  resolved "https://registry.npmjs.org/fs.realpath/-/fs.realpath-1.0.0.tgz"

glob@^7.1.3:
  version "7.1.6"
  resolved "https://registry.npmjs.org/glob/-/glob-7.1.6.tgz"
  dependencies:
    fs.realpath "^1.0.0"
    inflight "^1.0.4"
    inherits "2"
    minimatch "^3.0.4"
    once "^1.3.0"
    path-is-absolute "^1.0.0"

gud@^1.0.0:
  version "1.0.0"
  resolved "https://registry.npmjs.org/gud/-/gud-1.0.0.tgz"

htmlparser2@^6.0.0:
  version "6.1.0"
  resolved "https://registry.yarnpkg.com/htmlparser2/-/htmlparser2-6.1.0.tgz#c4d762b6c3371a05dbe65e94ae43a9f845fb8fb7"
  dependencies:
    domelementtype "^2.0.1"
    domhandler "^4.0.0"
    domutils "^2.5.2"
    entities "^2.0.0"

ieee754@^1.1.13:
  version "1.2.1"
  resolved "https://registry.npmjs.org/ieee754/-/ieee754-1.2.1.tgz"

immediate@^3.2.3:
  version "3.3.0"
  resolved "https://registry.yarnpkg.com/immediate/-/immediate-3.3.0.tgz#1aef225517836bcdf7f2a2de2600c79ff0269266"

inflight@^1.0.4:
  version "1.0.6"
  resolved "https://registry.npmjs.org/inflight/-/inflight-1.0.6.tgz"
  dependencies:
    once "^1.3.0"
    wrappy "1"

inherits@2, inherits@^2.0.3, inherits@^2.0.4:
  version "2.0.4"
  resolved "https://registry.yarnpkg.com/inherits/-/inherits-2.0.4.tgz#0fa2c64f932917c3433a0ded55363aae37416b7c"

is-plain-object@^5.0.0:
  version "5.0.0"
  resolved "https://registry.yarnpkg.com/is-plain-object/-/is-plain-object-5.0.0.tgz#4427f50ab3429e9025ea7d52e9043a9ef4159344"

isomorphic.js@^0.2.4:
  version "0.2.4"
  resolved "https://registry.yarnpkg.com/isomorphic.js/-/isomorphic.js-0.2.4.tgz#24ca374163ae54a7ce3b86ce63b701b91aa84969"

"js-tokens@^3.0.0 || ^4.0.0":
  version "4.0.0"
  resolved "https://registry.npmjs.org/js-tokens/-/js-tokens-4.0.0.tgz"

json-schema-traverse@^0.4.1:
  version "0.4.1"
  resolved "https://registry.npmjs.org/json-schema-traverse/-/json-schema-traverse-0.4.1.tgz"

json5@^2.1.1:
  version "2.2.0"
  resolved "https://registry.npmjs.org/json5/-/json5-2.2.0.tgz"
  dependencies:
    minimist "^1.2.5"

kladenets@^2.0.0-12:
  version "2.0.0-15"
  resolved "https://registry.yarnpkg.com/kladenets/-/kladenets-2.0.0-15.tgz#ada5274e0c981d6b7303a5e5c62d32223d20f30d"

level-codec@^9.0.0:
  version "9.0.2"
  resolved "https://registry.yarnpkg.com/level-codec/-/level-codec-9.0.2.tgz#fd60df8c64786a80d44e63423096ffead63d8cbc"
  dependencies:
    buffer "^5.6.0"

level-concat-iterator@~2.0.0:
  version "2.0.1"
  resolved "https://registry.yarnpkg.com/level-concat-iterator/-/level-concat-iterator-2.0.1.tgz#1d1009cf108340252cb38c51f9727311193e6263"

level-errors@^2.0.0, level-errors@~2.0.0:
  version "2.0.1"
  resolved "https://registry.yarnpkg.com/level-errors/-/level-errors-2.0.1.tgz#2132a677bf4e679ce029f517c2f17432800c05c8"
  dependencies:
    errno "~0.1.1"

level-iterator-stream@~4.0.0:
  version "4.0.2"
  resolved "https://registry.yarnpkg.com/level-iterator-stream/-/level-iterator-stream-4.0.2.tgz#7ceba69b713b0d7e22fcc0d1f128ccdc8a24f79c"
  dependencies:
    inherits "^2.0.4"
    readable-stream "^3.4.0"
    xtend "^4.0.2"

level-js@^5.0.0:
  version "5.0.2"
  resolved "https://registry.yarnpkg.com/level-js/-/level-js-5.0.2.tgz#5e280b8f93abd9ef3a305b13faf0b5397c969b55"
  dependencies:
    abstract-leveldown "~6.2.3"
    buffer "^5.5.0"
    inherits "^2.0.3"
    ltgt "^2.1.2"

level-packager@^5.1.0:
  version "5.1.1"
  resolved "https://registry.yarnpkg.com/level-packager/-/level-packager-5.1.1.tgz#323ec842d6babe7336f70299c14df2e329c18939"
  dependencies:
    encoding-down "^6.3.0"
    levelup "^4.3.2"

level-supports@~1.0.0:
  version "1.0.1"
  resolved "https://registry.yarnpkg.com/level-supports/-/level-supports-1.0.1.tgz#2f530a596834c7301622521988e2c36bb77d122d"
  dependencies:
    xtend "^4.0.2"

level@^6.0.1:
  version "6.0.1"
  resolved "https://registry.yarnpkg.com/level/-/level-6.0.1.tgz#dc34c5edb81846a6de5079eac15706334b0d7cd6"
  dependencies:
    level-js "^5.0.0"
    level-packager "^5.1.0"
    leveldown "^5.4.0"

leveldown@^5.4.0:
  version "5.6.0"
  resolved "https://registry.yarnpkg.com/leveldown/-/leveldown-5.6.0.tgz#16ba937bb2991c6094e13ac5a6898ee66d3eee98"
  dependencies:
    abstract-leveldown "~6.2.1"
    napi-macros "~2.0.0"
    node-gyp-build "~4.1.0"

levelup@^4.3.2:
  version "4.4.0"
  resolved "https://registry.yarnpkg.com/levelup/-/levelup-4.4.0.tgz#f89da3a228c38deb49c48f88a70fb71f01cafed6"
  dependencies:
    deferred-leveldown "~5.3.0"
    level-errors "~2.0.0"
    level-iterator-stream "~4.0.0"
    level-supports "~1.0.0"
    xtend "~4.0.0"

lib0@^0.2.31, lib0@^0.2.42, lib0@^0.2.43:
  version "0.2.46"
  resolved "https://registry.yarnpkg.com/lib0/-/lib0-0.2.46.tgz#cd5e7e5682c73ec27123bd32c9e97f875b2474cd"
  dependencies:
    isomorphic.js "^0.2.4"

lodash.debounce@^4.0.8:
  version "4.0.8"
  resolved "https://registry.yarnpkg.com/lodash.debounce/-/lodash.debounce-4.0.8.tgz#82d79bff30a67c4005ffd5e2515300ad9ca4d7af"

lodash.escape@^4.0.1:
  version "4.0.1"
  resolved "https://registry.npmjs.org/lodash.escape/-/lodash.escape-4.0.1.tgz"

loose-envify@^1.0.0, loose-envify@^1.1.0, loose-envify@^1.4.0:
  version "1.4.0"
  resolved "https://registry.npmjs.org/loose-envify/-/loose-envify-1.4.0.tgz"
  dependencies:
    js-tokens "^3.0.0 || ^4.0.0"

ltgt@^2.1.2:
  version "2.2.1"
  resolved "https://registry.yarnpkg.com/ltgt/-/ltgt-2.2.1.tgz#f35ca91c493f7b73da0e07495304f17b31f87ee5"

marked@^2.0.0:
  version "2.0.1"
  resolved "https://registry.npmjs.org/marked/-/marked-2.0.1.tgz"

minimatch@^3.0.4:
  version "3.0.4"
  resolved "https://registry.npmjs.org/minimatch/-/minimatch-3.0.4.tgz"
  dependencies:
    brace-expansion "^1.1.7"

minimist@^1.2.5, minimist@~1.2.0:
  version "1.2.5"
  resolved "https://registry.npmjs.org/minimist/-/minimist-1.2.5.tgz"

moment@^2.24.0:
  version "2.29.1"
  resolved "https://registry.npmjs.org/moment/-/moment-2.29.1.tgz"

nanoid@^3.3.1:
  version "3.3.1"
  resolved "https://registry.yarnpkg.com/nanoid/-/nanoid-3.3.1.tgz#6347a18cac88af88f58af0b3594b723d5e99bb35"

napi-macros@~2.0.0:
  version "2.0.0"
  resolved "https://registry.yarnpkg.com/napi-macros/-/napi-macros-2.0.0.tgz#2b6bae421e7b96eb687aa6c77a7858640670001b"

node-fetch@^2.6.0:
  version "2.6.1"
  resolved "https://registry.npmjs.org/node-fetch/-/node-fetch-2.6.1.tgz"

node-gyp-build@~4.1.0:
  version "4.1.1"
  resolved "https://registry.yarnpkg.com/node-gyp-build/-/node-gyp-build-4.1.1.tgz#d7270b5d86717068d114cc57fff352f96d745feb"

normalize.css@^8.0.1:
  version "8.0.1"
  resolved "https://registry.npmjs.org/normalize.css/-/normalize.css-8.0.1.tgz"

object-assign@^4.1.1:
  version "4.1.1"
  resolved "https://registry.npmjs.org/object-assign/-/object-assign-4.1.1.tgz"

once@^1.3.0:
  version "1.4.0"
  resolved "https://registry.npmjs.org/once/-/once-1.4.0.tgz"
  dependencies:
    wrappy "1"

parse-srcset@^1.0.2:
  version "1.0.2"
  resolved "https://registry.npmjs.org/parse-srcset/-/parse-srcset-1.0.2.tgz"

path-browserify@^1.0.0:
  version "1.0.1"
  resolved "https://registry.npmjs.org/path-browserify/-/path-browserify-1.0.1.tgz"

path-is-absolute@^1.0.0:
  version "1.0.1"
  resolved "https://registry.npmjs.org/path-is-absolute/-/path-is-absolute-1.0.1.tgz"

picocolors@^1.0.0:
  version "1.0.0"
  resolved "https://registry.yarnpkg.com/picocolors/-/picocolors-1.0.0.tgz#cb5bdc74ff3f51892236eaf79d68bc44564ab81c"

popper.js@^1.14.4, popper.js@^1.16.1:
  version "1.16.1"
  resolved "https://registry.npmjs.org/popper.js/-/popper.js-1.16.1.tgz"

postcss@^8.3.11:
  version "8.4.7"
  resolved "https://registry.yarnpkg.com/postcss/-/postcss-8.4.7.tgz#f99862069ec4541de386bf57f5660a6c7a0875a8"
  dependencies:
    nanoid "^3.3.1"
    picocolors "^1.0.0"
    source-map-js "^1.0.2"

prop-types@^15.6.1, prop-types@^15.6.2:
  version "15.7.2"
  resolved "https://registry.npmjs.org/prop-types/-/prop-types-15.7.2.tgz"
  dependencies:
    loose-envify "^1.4.0"
    object-assign "^4.1.1"
    react-is "^16.8.1"

prr@~1.0.1:
  version "1.0.1"
  resolved "https://registry.yarnpkg.com/prr/-/prr-1.0.1.tgz#d3fc114ba06995a45ec6893f484ceb1d78f5f476"

punycode@1.3.2:
  version "1.3.2"
  resolved "https://registry.npmjs.org/punycode/-/punycode-1.3.2.tgz"

punycode@^2.1.0:
  version "2.1.1"
  resolved "https://registry.npmjs.org/punycode/-/punycode-2.1.1.tgz"

querystring@0.2.0:
  version "0.2.0"
  resolved "https://registry.npmjs.org/querystring/-/querystring-0.2.0.tgz"

querystringify@^2.1.1:
  version "2.2.0"
  resolved "https://registry.yarnpkg.com/querystringify/-/querystringify-2.2.0.tgz#3345941b4153cb9d082d8eee4cda2016a9aef7f6"

react-dom@^17.0.1:
  version "17.0.1"
  resolved "https://registry.npmjs.org/react-dom/-/react-dom-17.0.1.tgz"
  dependencies:
    loose-envify "^1.1.0"
    object-assign "^4.1.1"
    scheduler "^0.20.1"

react-is@^16.8.1:
  version "16.13.1"
  resolved "https://registry.npmjs.org/react-is/-/react-is-16.13.1.tgz"

react-lifecycles-compat@^3.0.4:
  version "3.0.4"
  resolved "https://registry.npmjs.org/react-lifecycles-compat/-/react-lifecycles-compat-3.0.4.tgz"

react-popper@^1.3.7:
  version "1.3.10"
  resolved "https://registry.npmjs.org/react-popper/-/react-popper-1.3.10.tgz"
  dependencies:
    "@babel/runtime" "^7.1.2"
    "@hypnosphi/create-react-context" "^0.3.1"
    popper.js "^1.14.4"
    prop-types "^15.6.1"
    typed-styles "^0.0.7"
    warning "^4.0.2"

react-transition-group@^2.9.0:
  version "2.9.0"
  resolved "https://registry.npmjs.org/react-transition-group/-/react-transition-group-2.9.0.tgz"
  dependencies:
    dom-helpers "^3.4.0"
    loose-envify "^1.4.0"
    prop-types "^15.6.2"
    react-lifecycles-compat "^3.0.4"

react@^17.0.1:
  version "17.0.1"
  resolved "https://registry.npmjs.org/react/-/react-17.0.1.tgz"
  dependencies:
    loose-envify "^1.1.0"
    object-assign "^4.1.1"

readable-stream@^3.4.0:
  version "3.6.0"
  resolved "https://registry.yarnpkg.com/readable-stream/-/readable-stream-3.6.0.tgz#337bbda3adc0706bd3e024426a286d4b4b2c9198"
  dependencies:
    inherits "^2.0.3"
    string_decoder "^1.1.1"
    util-deprecate "^1.0.1"

regenerator-runtime@^0.13.4:
  version "0.13.7"
  resolved "https://registry.npmjs.org/regenerator-runtime/-/regenerator-runtime-0.13.7.tgz"

requires-port@^1.0.0:
  version "1.0.0"
  resolved "https://registry.yarnpkg.com/requires-port/-/requires-port-1.0.0.tgz#925d2601d39ac485e091cf0da5c6e694dc3dcaff"

resize-observer-polyfill@^1.5.1:
  version "1.5.1"
  resolved "https://registry.npmjs.org/resize-observer-polyfill/-/resize-observer-polyfill-1.5.1.tgz"

rimraf@~3.0.2:
  version "3.0.2"
  resolved "https://registry.npmjs.org/rimraf/-/rimraf-3.0.2.tgz"
  dependencies:
    glob "^7.1.3"

safe-buffer@~5.2.0:
  version "5.2.1"
  resolved "https://registry.yarnpkg.com/safe-buffer/-/safe-buffer-5.2.1.tgz#1eaf9fa9bdb1fdd4ec75f58f9cdb4e6b7827eec6"

sanitize-html@~2.5.3:
  version "2.5.3"
  resolved "https://registry.yarnpkg.com/sanitize-html/-/sanitize-html-2.5.3.tgz#91aa3dc760b072cdf92f9c6973747569b1ba1cd8"
  dependencies:
    deepmerge "^4.2.2"
    escape-string-regexp "^4.0.0"
    htmlparser2 "^6.0.0"
    is-plain-object "^5.0.0"
    parse-srcset "^1.0.2"
    postcss "^8.3.11"

scheduler@^0.20.1:
  version "0.20.1"
  resolved "https://registry.npmjs.org/scheduler/-/scheduler-0.20.1.tgz"
  dependencies:
    loose-envify "^1.1.0"
    object-assign "^4.1.1"

source-map-js@^1.0.2:
  version "1.0.2"
  resolved "https://registry.yarnpkg.com/source-map-js/-/source-map-js-1.0.2.tgz#adbc361d9c62df380125e7f161f71c826f1e490c"

string_decoder@^1.1.1:
  version "1.3.0"
  resolved "https://registry.yarnpkg.com/string_decoder/-/string_decoder-1.3.0.tgz#42f114594a46cf1a8e30b0a84f56c78c3edac21e"
  dependencies:
    safe-buffer "~5.2.0"

tslib@~1.13.0:
  version "1.13.0"
  resolved "https://registry.npmjs.org/tslib/-/tslib-1.13.0.tgz"

typed-styles@^0.0.7:
  version "0.0.7"
  resolved "https://registry.npmjs.org/typed-styles/-/typed-styles-0.0.7.tgz"

typescript@~4.2.3:
  version "4.2.3"
  resolved "https://registry.npmjs.org/typescript/-/typescript-4.2.3.tgz"

typestyle@^2.0.4:
  version "2.1.0"
  resolved "https://registry.npmjs.org/typestyle/-/typestyle-2.1.0.tgz"
  dependencies:
    csstype "2.6.9"
    free-style "3.1.0"

uri-js@^4.2.2:
  version "4.4.1"
  resolved "https://registry.npmjs.org/uri-js/-/uri-js-4.4.1.tgz"
  dependencies:
    punycode "^2.1.0"

url-parse@~1.5.1:
  version "1.5.10"
  resolved "https://registry.yarnpkg.com/url-parse/-/url-parse-1.5.10.tgz#9d3c2f736c1d75dd3bd2be507dcc111f1e2ea9c1"
  dependencies:
    querystringify "^2.1.1"
    requires-port "^1.0.0"

url@^0.11.0:
  version "0.11.0"
  resolved "https://registry.npmjs.org/url/-/url-0.11.0.tgz"
  dependencies:
    punycode "1.3.2"
    querystring "0.2.0"

util-deprecate@^1.0.1:
  version "1.0.2"
  resolved "https://registry.yarnpkg.com/util-deprecate/-/util-deprecate-1.0.2.tgz#450d4dc9fa70de732762fbd2d4a28981419a0ccf"

warning@^4.0.2, warning@^4.0.3:
  version "4.0.3"
  resolved "https://registry.npmjs.org/warning/-/warning-4.0.3.tgz"
  dependencies:
    loose-envify "^1.0.0"

wrappy@1:
  version "1.0.2"
  resolved "https://registry.npmjs.org/wrappy/-/wrappy-1.0.2.tgz"

ws@^6.2.1:
  version "6.2.2"
  resolved "https://registry.yarnpkg.com/ws/-/ws-6.2.2.tgz#dd5cdbd57a9979916097652d78f1cc5faea0c32e"
  dependencies:
    async-limiter "~1.0.0"

ws@^7.4.6:
  version "7.5.7"
  resolved "https://registry.yarnpkg.com/ws/-/ws-7.5.7.tgz#9e0ac77ee50af70d58326ecff7e85eb3fa375e67"

xtend@^4.0.2, xtend@~4.0.0:
  version "4.0.2"
  resolved "https://registry.yarnpkg.com/xtend/-/xtend-4.0.2.tgz#bb72779f5fa465186b1f438f674fa347fdb5db54"

y-codemirror@^3.0.1:
  version "3.0.1"
  resolved "https://registry.yarnpkg.com/y-codemirror/-/y-codemirror-3.0.1.tgz#d8a4e43cf46b5b557e0f03b7bbb65773ff436278"
  dependencies:
    lib0 "^0.2.42"

y-leveldb@^0.1.0:
  version "0.1.1"
  resolved "https://registry.yarnpkg.com/y-leveldb/-/y-leveldb-0.1.1.tgz#c2c35bc2b12a6c195b807a127c56c7c5a50cc610"
  dependencies:
    level "^6.0.1"
    lib0 "^0.2.31"

y-protocols@^1.0.5:
  version "1.0.5"
  resolved "https://registry.yarnpkg.com/y-protocols/-/y-protocols-1.0.5.tgz#91d574250060b29fcac8f8eb5e276fbad594245e"
  dependencies:
    lib0 "^0.2.42"

y-websocket@^1.3.15:
  version "1.3.18"
  resolved "https://registry.yarnpkg.com/y-websocket/-/y-websocket-1.3.18.tgz#9398621f863a57bd01be7244be032166db359375"
  dependencies:
    lib0 "^0.2.42"
    lodash.debounce "^4.0.8"
    y-protocols "^1.0.5"
  optionalDependencies:
    ws "^6.2.1"
    y-leveldb "^0.1.0"

yjs@^13.5.17:
  version "13.5.27"
  resolved "https://registry.yarnpkg.com/yjs/-/yjs-13.5.27.tgz#8fd823cdefe696e74838eb06d8eeebbb9df70dc8"
  dependencies:
    lib0 "^0.2.43"
